github.com/bytedance/sonic v1.9.10 h1:37qmCW8j7clL60E2K45XFQF92NRsb4/c84GDVnL0+I=
github.com/bytedance/sonic v1.9.10/go.mod h1:qwPWnhz6pn0NnRVIcaJ7I8b3c1aWK7rH7xnO3Lu7M0=
github.com/chenzhuoyu/base64x v0.0.0-20221115062448-fe3a3abad311 h1:qSGYq7yPn120RCaIQmLyE5q9bJ7VF3CbWxvzo2E+RI=
github.com/chenzhuoyu/base64x v0.0.0-20221115062448-fe3a3abad311/go.mod h1:b583jCggY9gE99b6G5LEC39Kl67xeQQpNwGP2I7bFF=
github.com/gabriel-vasile/mimetype v1.4.2 h1:w5qFW6JKBz9+DyBh2g0ksrq9I8NAzQKcwfHCHVALo=
github.com/gabriel-vasile/mimetype v1.4.2/go.mod h1:zApsH/mKG4w07erNFiQF3GJava+NNS0z0pUV+9aaKE=
github.com/gin-contrib/sse v0.1.0 h1:Y/yl/+YNO8GZSvPa8/g3vs3NV3SZjSDvTjQH74NPqQ=
github.com/gin-contrib/sse v0.1.0/go.mod h1:RHrZQHXnP2xjPF+u1gW/2HnVO7nvIa9PG3Gm+fLh7I=
github.com/gin-gonic/gin v1.9.1 h1:4idEAncQnU5cB7BeXkJlQogZJ9mTCP9xh9crubMVJ0=
github.com/gin-gonic/gin v1.9.1/go.mod h1:hPrL7YrpYKXt5YId3xCiK7/DBG4/a8at6xtvxEeEAE=
github.com/go-playground/locales v0.14.1 h1:EWaQ/wswjilfKLTECiXz7Rh+3BjFhfDFKv/oXslEjY=
github.com/go-playground/locales v0.14.1/go.mod h1:hxrqLVvrK65+Rwrd5Fc4F9nguKMlPCMjIepw7RpNkc=
github.com/go-playground/universal-translator v0.18.1 h1:Bcnm0ZwsGyWbxAxly3gJ91QcZr5jsScleaned+ZZNqKA=
github.com/go-playground/universal-translator v0.18.1/go.mod h1:xO0FLkIi5MaZbS3l7LkSrwlr/q5l3bIlSAdyNdBD54=
github.com/go-playground/validator/v10 v10.14.0 h1:vgvQWe3XCz3gIEV4xZiaoNWO04nu06IzD2FkAzCGmw=
github.com/go-playground/validator/v10 v10.14.0/go.mod h1:9iXMNT7sEkjXb0d0f5a6DJzLMn0ogT9EwQOf5Z3ykQ=
github.com/goccy/go-json v0.10.2 h1:CqznAYvKsugamMDNLVPDcHmW0IXxV38W9+ypQKQmeM=
github.com/goccy/go-json v0.10.2/go.mod h1:6MelG93GURQsLFErtEH/LMvfUePOsPw1BcksL+WT7c=
github.com/golang-jwt/jwt/v5 v5.0.0 h1:1n1XNM9hk7O9mnQoNBGolZvzebBQ7p93tQ073L5NL0=
github.com/golang-jwt/jwt/v5 v5.0.0/go.mod h1:pqrtFR0X4osieyHYxtcc+kly6JwNLb3goEVlQSSUAU=
github.com/google/go-cmp v0.5.5 h1:Khx7roUpkyMCATMQk3b/cNLSVTUndGDbvNnyqQ0w+Q=
github.com/google/go-cmp v0.5.5/go.mod h1:v8dTdLbMG2kIc/FSLrwHtyYv2z0bygo3wstQ3fWQdA=
github.com/google/gofuzz v1.0.0/go.mod h1:dBl0BpW6vV/+mYPU4Po3pmUjxk6FQPldtuIdl91Ln4=
github.com/json-iterator/go v1.1.12 h1:PV8peI4a0ysnczrg+LtxykD8LfKY9ML6u2jnxaQaO4=
github.com/json-iterator/go v1.1.12/go.mod h1:e30LSqwooZae7abqwEtungH2tqwvxvISX0D0rvSDY=
github.com/klauspost/cpuid/v2 v2.2.4 h1:acbojRNwl3o09bUq+yDCtZFc1aiRUaago6Oil7D/wY=
github.com/klauspost/cpuid/v2 v2.2.4/go.mod h1:RVVoqPznIQoid9Zt7QaAVtS3OK8SJwW5NpMQrGiElk=
github.com/leodido/go-urn v1.2.4 h1:XlAE/cm/ms7TE/VMVoduSpNBoyc2dOxHUiPanRP+T7=
github.com/leodido/go-urn v1.2.4/go.mod h1:7ZrI8mTSeBSHl/UaIrtnY38FQq8vszKjvIreg0DLqQ=
github.com/lib/pq v1.10.9 h1:YXG7RB+JIjhP29X+OtkiDnYaXQsRKfj7cbUZMY0jKM=
github.com/lib/pq v1.10.9/go.mod h1:AlVN5x4E4xnaC4m4YVMSrW0VjsHx2ylJ3AkpmtVtsQ=
github.com/mattn/go-isatty v0.0.19 h1:JITubQf0MNV4FE9Ke8Rp8qqSC0OFrCUGMsqxQX7/8=
github.com/mattn/go-isatty v0.0.19/go.mod h1:W+V8PltTTMOvKvAeJH7RgVV9V6O6CQkNuv7K7Q5eyU=
github.com/modern-go/concurrent v0.0.0-20230330173713-942fedbb3226 h1:xV7qGtHEKstVn/DJsS0cTf8K7RWLo+JSnq/VV+QE8=
github.com/modern-go/concurrent v0.0.0-20230330173713-942fedbb3226/go.mod h1:xRskid8CManxVta/13THNDQrst/z3SPkEvzUNEn0DO=
github.com/modern-go/reflect2 v1.0.2 h1:xBagoLtFs94CBntxluKeaWgTMpvLxC4ur3nMaC34Cc=
github.com/modern-go/reflect2 v1.0.2/go.mod h1:yWuCS7NQil5PwsPktCLcPtyGjXntgy4FRkzhFl/+NE=
github.com/pelletier/go-toml/v2 v2.0.8 h1:0ctb6s9mE31h0/lhu+J6OPmVP9BcohIAp02ZQ6QWfY=
github.com/pelletier/go-toml/v2 v2.0.8/go.mod h1:vuYfssBdrU2XJs2T6ejk0sqD69lcm/4c0unchXJ4w0=
github.com/twitchyliquid64/golang-asm v0.15.1 h1:SU5vSMR7hnwNxj24w34ZyCi/FmDZC9tsXZA2NDUZe4=
github.com/twitchyliquid64/golang-asm v0.15.1/go.mod h1:a1lVb/DtPvCB8fslRZhAngC2+aY1QWCk3Cedj/Gqas=
github.com/ugorji/go/codec v1.2.11 h1:BMaWp1Bb6dNQcis1/9kQHWcP1LMSUq0K3m6ecQqjC8=
github.com/ugorji/go/codec v1.2.11/go.mod h1:UNzYvgkdtsKSrHcSkuP7sQkIvNlJ5AyuVIAkr7yrxI=
golang.org/x/arch v0.4.0 h1:A8WCeQuzRxauVLxkGbcHkbLFf/hsqAaExtT+okuyAY=
golang.org/x/arch v0.4.0/go.mod h1:5+VZ8P1HmfMoJGGH0I+7r0gCRbJ2NiMSQlSB2bcAF8=
golang.org/x/crypto v0.14.0 h1:frVn1/epSc2rvQQLXOFwLqtsLsV3/FiNvjvil2efg=
golang.org/x/crypto v0.14.0/go.mod h1:4ChreQoLWfG3xLDer1WdlH5NdFJDkdkr4Z4sPciGrY=
golang.org/x/net v0.17.0 h1:XsgZBvxsCOxUPEK2pqWA2PHRvtX3NwYARXTn3by19U=
golang.org/x/net v0.17.0/go.mod h1:NxSsAGuq816PNPmqtQdLE42eU2Fs7NoRIZrHJAlaCOE=
golang.org/x/sys v0.13.0 h1:Af8nKPmuFypiUBjVoU9V20FiaFXOcuZnichJ9FZDY8=
golang.org/x/sys v0.13.0/go.mod h1:oPkhp1MJrh7nUepCax/m5hudZWyXvSrPc7IQriiGiU=
golang.org/x/text v0.13.0 h1:ablQoSUd0tRdKxZTKqQ29I9UL1BVJMm7JMwUe8UzLY=
golang.org/x/text v0.13.0/go.mod h1:TvPlkZIkXiCA4-LwwxccQJrqMcVwLAwkoVWnujzGug=
golang.org/x/xerrors v0.0.0-20191204190536-9bdfabe68543 h1:E7g+9GITq07hpfrRu66IVDexMakrxyprD/LP0QO/0=
golang.org/x/xerrors v0.0.0-20191204190536-9bdfabe68543/go.mod h1:I/5z698sn9Ka8TeJc9MKroUUfqBBauWjQqLJ2OPfmY=
google.golang.org/protobuf v1.30.0 h1:kPPoIgf3TsEvrm0PFe15JQ+570QVxYzEvvHqChK+cM=
google.golang.org/protobuf v1.30.0/go.mod h1:HmwIgS5KZC3nQ5q7DJxkYYkxwkLvNibQD0yksIkSPh=
gopkg.in/check.v1 v0.0.0-20161208181325-20d25e280405/go.mod h1:Co6ibVJAznAaIkqp8huTwlPUGdeOFT18/transv/+TY=
gopkg.in/yaml.v3 v3.0.1 h1:fxVm/GzulhFknWhAIlSEDZ5K2qwVAm/I6/8a0X+DY=
gopkg.in/yaml.v3 v3.0.1/go.mod h1:K4uyk7z7BCEPqu6E+C64Yfv1cQ41C2lpqT+5CQE6gQ=
